
Microsoft Visual Studio Solution File, Format Version 12.00
Project("{FAE04EC0-301F-11D3-BF4B-00C04F79EFBC}") = "dlo-winform", "dlo-winform\dlo-winform.csproj", "{DF6DDB3B-7873-49A7-B8AE-F7973B625A6F}"
EndProject
Project("{FAE04EC0-301F-11D3-BF4B-00C04F79EFBC}") = "Dijkstra-lan-logic", "Dijkstra-lan-logic\Dijkstra-lan-logic.csproj", "{797D554D-B335-41F8-8E89-67E53095BF9B}"
EndProject
Global
	GlobalSection(SolutionConfigurationPlatforms) = preSolution
		Debug|Any CPU = Debug|Any CPU
		Release|Any CPU = Release|Any CPU
	EndGlobalSection
	GlobalSection(ProjectConfigurationPlatforms) = postSolution
		{DF6DDB3B-7873-49A7-B8AE-F7973B625A6F}.Debug|Any CPU.ActiveCfg = Debug|Any CPU
		{DF6DDB3B-7873-49A7-B8AE-F7973B625A6F}.Debug|Any CPU.Build.0 = Debug|Any CPU
		{DF6DDB3B-7873-49A7-B8AE-F7973B625A6F}.Release|Any CPU.ActiveCfg = Release|Any CPU
		{DF6DDB3B-7873-49A7-B8AE-F7973B625A6F}.Release|Any CPU.Build.0 = Release|Any CPU
		{797D554D-B335-41F8-8E89-67E53095BF9B}.Debug|Any CPU.ActiveCfg = Debug|Any CPU
		{797D554D-B335-41F8-8E89-67E53095BF9B}.Debug|Any CPU.Build.0 = Debug|Any CPU
		{797D554D-B335-41F8-8E89-67E53095BF9B}.Release|Any CPU.ActiveCfg = Release|Any CPU
		{797D554D-B335-41F8-8E89-67E53095BF9B}.Release|Any CPU.Build.0 = Release|Any CPU
	EndGlobalSection
EndGlobal
